
Microsoft Visual Studio Solution File, Format Version 12.00
# Visual Studio Version 17
VisualStudioVersion = 17.8.34330.188
MinimumVisualStudioVersion = 10.0.40219.1
Project("{FAE04EC0-301F-11D3-BF4B-00C04F79EFBC}") = "lab5.02", "lab5.02\lab5.02.csproj", "{CE2DA633-5C73-423A-9C47-18A6F1BC7B88}"
EndProject
Global
	GlobalSection(SolutionConfigurationPlatforms) = preSolution
		Debug|Any CPU = Debug|Any CPU
		Release|Any CPU = Release|Any CPU
	EndGlobalSection
	GlobalSection(ProjectConfigurationPlatforms) = postSolution
		{CE2DA633-5C73-423A-9C47-18A6F1BC7B88}.Debug|Any CPU.ActiveCfg = Debug|Any CPU
		{CE2DA633-5C73-423A-9C47-18A6F1BC7B88}.Debug|Any CPU.Build.0 = Debug|Any CPU
		{CE2DA633-5C73-423A-9C47-18A6F1BC7B88}.Release|Any CPU.ActiveCfg = Release|Any CPU
		{CE2DA633-5C73-423A-9C47-18A6F1BC7B88}.Release|Any CPU.Build.0 = Release|Any CPU
	EndGlobalSection
	GlobalSection(SolutionProperties) = preSolution
		HideSolutionNode = FALSE
	EndGlobalSection
	GlobalSection(ExtensibilityGlobals) = postSolution
		SolutionGuid = {CF18F426-D7DC-4353-8DD2-22AAA0238559}
	EndGlobalSection
EndGlobal
